<Solution>
  <Project Path="CamelRegistry.Api/CamelRegistry.Api.csproj" />
  <Project Path="CamelRegistry.Entities/CamelRegistry.Entities.csproj" />
  <Project Path="CamelRegistry.Logic/CamelRegistry.Logic.csproj" />
  <Project Path="CamelRegistry.Repository/CamelRegistry.Repository.csproj" />
</Solution>
